
Microsoft Visual Studio Solution File, Format Version 12.00
# Visual Studio Version 16
VisualStudioVersion = 16.0.28917.181
MinimumVisualStudioVersion = 10.0.40219.1
Project("{FAE04EC0-301F-11D3-BF4B-00C04F79EFBC}") = "Binding", "Binding\Binding.csproj", "{52E839BB-C7CF-4AE6-B5F9-76ED8D08A5E3}"
EndProject
Global
	GlobalSection(SolutionConfigurationPlatforms) = preSolution
		Debug|Any CPU = Debug|Any CPU
		Release|Any CPU = Release|Any CPU
	EndGlobalSection
	GlobalSection(ProjectConfigurationPlatforms) = postSolution
		{52E839BB-C7CF-4AE6-B5F9-76ED8D08A5E3}.Debug|Any CPU.ActiveCfg = Debug|Any CPU
		{52E839BB-C7CF-4AE6-B5F9-76ED8D08A5E3}.Debug|Any CPU.Build.0 = Debug|Any CPU
		{52E839BB-C7CF-4AE6-B5F9-76ED8D08A5E3}.Release|Any CPU.ActiveCfg = Release|Any CPU
		{52E839BB-C7CF-4AE6-B5F9-76ED8D08A5E3}.Release|Any CPU.Build.0 = Release|Any CPU
	EndGlobalSection
	GlobalSection(SolutionProperties) = preSolution
		HideSolutionNode = FALSE
	EndGlobalSection
	GlobalSection(ExtensibilityGlobals) = postSolution
		SolutionGuid = {1FD5B1BD-92AE-4067-8248-4951DA149ECD}
	EndGlobalSection
EndGlobal
